
Microsoft Visual Studio Solution File, Format Version 12.00
# Visual Studio Version 16
VisualStudioVersion = 16.0.30621.155
MinimumVisualStudioVersion = 10.0.40219.1
Project("{FAE04EC0-301F-11D3-BF4B-00C04F79EFBC}") = "TRMDataManager", "TRMDataManager\TRMDataManager.csproj", "{57DB814C-0081-4F5A-8494-CAC064194C2D}"
EndProject
Global
	GlobalSection(SolutionConfigurationPlatforms) = preSolution
		Debug|Any CPU = Debug|Any CPU
		Release|Any CPU = Release|Any CPU
	EndGlobalSection
	GlobalSection(ProjectConfigurationPlatforms) = postSolution
		{57DB814C-0081-4F5A-8494-CAC064194C2D}.Debug|Any CPU.ActiveCfg = Debug|Any CPU
		{57DB814C-0081-4F5A-8494-CAC064194C2D}.Debug|Any CPU.Build.0 = Debug|Any CPU
		{57DB814C-0081-4F5A-8494-CAC064194C2D}.Release|Any CPU.ActiveCfg = Release|Any CPU
		{57DB814C-0081-4F5A-8494-CAC064194C2D}.Release|Any CPU.Build.0 = Release|Any CPU
	EndGlobalSection
	GlobalSection(SolutionProperties) = preSolution
		HideSolutionNode = FALSE
	EndGlobalSection
	GlobalSection(ExtensibilityGlobals) = postSolution
		SolutionGuid = {4AFE9205-1845-4C2C-BD70-B1A83FEC0B6D}
	EndGlobalSection
EndGlobal
